
Microsoft Visual Studio Solution File, Format Version 12.00
# Visual Studio Version 17
VisualStudioVersion = 17.14.36414.22
MinimumVisualStudioVersion = 10.0.40219.1
Project("{8BC9CEB8-8B4A-11D0-8D11-00A0C91BC942}") = "Sept17-1437-InheritanceAndComposition", "Sept17-1437-InheritanceAndComposition\Sept17-1437-InheritanceAndComposition.vcxproj", "{66815200-2EBC-4932-B4CA-6FC7ABF6AD64}"
EndProject
Project("{8BC9CEB8-8B4A-11D0-8D11-00A0C91BC942}") = "OneStudentSubmissionOfDataAnalyticsLab", "OneStudentSubmissionOfDataAnalyticsLab\OneStudentSubmissionOfDataAnalyticsLab.vcxproj", "{D6B2FE52-7782-4820-B9F8-6C45F39F60E9}"
EndProject
Project("{8BC9CEB8-8B4A-11D0-8D11-00A0C91BC942}") = "SimpleCompositionDemo", "SimpleCompositionDemo\SimpleCompositionDemo.vcxproj", "{356D5053-DB46-4C9A-8120-8F7B4B16AE44}"
EndProject
Project("{8BC9CEB8-8B4A-11D0-8D11-00A0C91BC942}") = "Donut", "Donut\Donut.vcxproj", "{E405E87C-CD6D-4E40-B590-EB87E6123BE3}"
EndProject
Project("{8BC9CEB8-8B4A-11D0-8D11-00A0C91BC942}") = "PlayingWithBitmapImageAPI", "PlayingWithBitmapImageAPI\PlayingWithBitmapImageAPI.vcxproj", "{9F980D37-4FEE-483C-A3E5-7AC9D1B89EEE}"
EndProject
Project("{8BC9CEB8-8B4A-11D0-8D11-00A0C91BC942}") = "One student submission of the ImageBMP", "One student submission of the ImageBMP\One student submission of the ImageBMP.vcxproj", "{CDB49A30-70B9-42FB-9763-DA6991B290E1}"
EndProject
Global
	GlobalSection(SolutionConfigurationPlatforms) = preSolution
		Debug|x64 = Debug|x64
		Debug|x86 = Debug|x86
		Release|x64 = Release|x64
		Release|x86 = Release|x86
	EndGlobalSection
	GlobalSection(ProjectConfigurationPlatforms) = postSolution
		{66815200-2EBC-4932-B4CA-6FC7ABF6AD64}.Debug|x64.ActiveCfg = Debug|x64
		{66815200-2EBC-4932-B4CA-6FC7ABF6AD64}.Debug|x64.Build.0 = Debug|x64
		{66815200-2EBC-4932-B4CA-6FC7ABF6AD64}.Debug|x86.ActiveCfg = Debug|Win32
		{66815200-2EBC-4932-B4CA-6FC7ABF6AD64}.Debug|x86.Build.0 = Debug|Win32
		{66815200-2EBC-4932-B4CA-6FC7ABF6AD64}.Release|x64.ActiveCfg = Release|x64
		{66815200-2EBC-4932-B4CA-6FC7ABF6AD64}.Release|x64.Build.0 = Release|x64
		{66815200-2EBC-4932-B4CA-6FC7ABF6AD64}.Release|x86.ActiveCfg = Release|Win32
		{66815200-2EBC-4932-B4CA-6FC7ABF6AD64}.Release|x86.Build.0 = Release|Win32
		{D6B2FE52-7782-4820-B9F8-6C45F39F60E9}.Debug|x64.ActiveCfg = Debug|x64
		{D6B2FE52-7782-4820-B9F8-6C45F39F60E9}.Debug|x64.Build.0 = Debug|x64
		{D6B2FE52-7782-4820-B9F8-6C45F39F60E9}.Debug|x86.ActiveCfg = Debug|Win32
		{D6B2FE52-7782-4820-B9F8-6C45F39F60E9}.Debug|x86.Build.0 = Debug|Win32
		{D6B2FE52-7782-4820-B9F8-6C45F39F60E9}.Release|x64.ActiveCfg = Release|x64
		{D6B2FE52-7782-4820-B9F8-6C45F39F60E9}.Release|x64.Build.0 = Release|x64
		{D6B2FE52-7782-4820-B9F8-6C45F39F60E9}.Release|x86.ActiveCfg = Release|Win32
		{D6B2FE52-7782-4820-B9F8-6C45F39F60E9}.Release|x86.Build.0 = Release|Win32
		{356D5053-DB46-4C9A-8120-8F7B4B16AE44}.Debug|x64.ActiveCfg = Debug|x64
		{356D5053-DB46-4C9A-8120-8F7B4B16AE44}.Debug|x64.Build.0 = Debug|x64
		{356D5053-DB46-4C9A-8120-8F7B4B16AE44}.Debug|x86.ActiveCfg = Debug|Win32
		{356D5053-DB46-4C9A-8120-8F7B4B16AE44}.Debug|x86.Build.0 = Debug|Win32
		{356D5053-DB46-4C9A-8120-8F7B4B16AE44}.Release|x64.ActiveCfg = Release|x64
		{356D5053-DB46-4C9A-8120-8F7B4B16AE44}.Release|x64.Build.0 = Release|x64
		{356D5053-DB46-4C9A-8120-8F7B4B16AE44}.Release|x86.ActiveCfg = Release|Win32
		{356D5053-DB46-4C9A-8120-8F7B4B16AE44}.Release|x86.Build.0 = Release|Win32
		{E405E87C-CD6D-4E40-B590-EB87E6123BE3}.Debug|x64.ActiveCfg = Debug|x64
		{E405E87C-CD6D-4E40-B590-EB87E6123BE3}.Debug|x64.Build.0 = Debug|x64
		{E405E87C-CD6D-4E40-B590-EB87E6123BE3}.Debug|x86.ActiveCfg = Debug|Win32
		{E405E87C-CD6D-4E40-B590-EB87E6123BE3}.Debug|x86.Build.0 = Debug|Win32
		{E405E87C-CD6D-4E40-B590-EB87E6123BE3}.Release|x64.ActiveCfg = Release|x64
		{E405E87C-CD6D-4E40-B590-EB87E6123BE3}.Release|x64.Build.0 = Release|x64
		{E405E87C-CD6D-4E40-B590-EB87E6123BE3}.Release|x86.ActiveCfg = Release|Win32
		{E405E87C-CD6D-4E40-B590-EB87E6123BE3}.Release|x86.Build.0 = Release|Win32
		{9F980D37-4FEE-483C-A3E5-7AC9D1B89EEE}.Debug|x64.ActiveCfg = Debug|x64
		{9F980D37-4FEE-483C-A3E5-7AC9D1B89EEE}.Debug|x64.Build.0 = Debug|x64
		{9F980D37-4FEE-483C-A3E5-7AC9D1B89EEE}.Debug|x86.ActiveCfg = Debug|Win32
		{9F980D37-4FEE-483C-A3E5-7AC9D1B89EEE}.Debug|x86.Build.0 = Debug|Win32
		{9F980D37-4FEE-483C-A3E5-7AC9D1B89EEE}.Release|x64.ActiveCfg = Release|x64
		{9F980D37-4FEE-483C-A3E5-7AC9D1B89EEE}.Release|x64.Build.0 = Release|x64
		{9F980D37-4FEE-483C-A3E5-7AC9D1B89EEE}.Release|x86.ActiveCfg = Release|Win32
		{9F980D37-4FEE-483C-A3E5-7AC9D1B89EEE}.Release|x86.Build.0 = Release|Win32
		{CDB49A30-70B9-42FB-9763-DA6991B290E1}.Debug|x64.ActiveCfg = Debug|x64
		{CDB49A30-70B9-42FB-9763-DA6991B290E1}.Debug|x64.Build.0 = Debug|x64
		{CDB49A30-70B9-42FB-9763-DA6991B290E1}.Debug|x86.ActiveCfg = Debug|Win32
		{CDB49A30-70B9-42FB-9763-DA6991B290E1}.Debug|x86.Build.0 = Debug|Win32
		{CDB49A30-70B9-42FB-9763-DA6991B290E1}.Release|x64.ActiveCfg = Release|x64
		{CDB49A30-70B9-42FB-9763-DA6991B290E1}.Release|x64.Build.0 = Release|x64
		{CDB49A30-70B9-42FB-9763-DA6991B290E1}.Release|x86.ActiveCfg = Release|Win32
		{CDB49A30-70B9-42FB-9763-DA6991B290E1}.Release|x86.Build.0 = Release|Win32
	EndGlobalSection
	GlobalSection(SolutionProperties) = preSolution
		HideSolutionNode = FALSE
	EndGlobalSection
	GlobalSection(ExtensibilityGlobals) = postSolution
		SolutionGuid = {7F5CF96D-CFB3-47D1-A5B9-2A007164D5E8}
	EndGlobalSection
EndGlobal
